hash: 9fc5ef52dfe53d1bfe84537d112123cc22df09ab7f24411958f24184270d81ab
updated: 2016-11-06T22:28:57.235579501-08:00
imports:
- name: github.com/Azure/go-ansiterm
  version: fa152c58bc15761d0200cb75fe958b89a9d4888e
  subpackages:
  - winterm
- name: github.com/docker/docker
  version: 9c8e1c3c06d8a9cab623e75dcdab3ba9e84c6856
  subpackages:
  - client
  - api/types/swarm
  - opts
  - pkg/archive
  - pkg/fileutils
  - pkg/homedir
  - pkg/jsonmessage
  - pkg/stdcopy
  - api/types/container
  - api/types/mount
  - api/types/filters
  - pkg/idtools
  - pkg/ioutils
  - pkg/pools
  - pkg/promise
  - pkg/system
  - pkg/longpath
  - pkg/jsonlog
  - pkg/term
  - api/types/blkiodev
  - api/types/strslice
  - api/types/versions
  - pkg/integration/cmd
  - pkg/term/windows
- name: github.com/docker/go-connections
  version: f512407a188ecb16f31a33dbc9c4e4814afc1b03
  subpackages:
  - nat
- name: github.com/docker/go-units
  version: 8a7beacffa3009a9ac66bad506b18ffdd110cf97
- name: github.com/fsouza/go-dockerclient
  version: 5cfde1d138cd2cdc13e4aa36af631beb19dcbe9c
- name: github.com/go-check/check
  version: 4f90aeace3a26ad7021961c297b22c42160c7b25
- name: github.com/hashicorp/go-cleanhttp
  version: ad28ea4487f05916463e2423a55166280e8254b5
- name: github.com/jinzhu/now
  version: d9861969c7a7e84746d341c09020c2ef8a617f8f
- name: github.com/Microsoft/go-winio
  version: 562bb09f6612d9a4e91597184709d1cdba95af93
- name: github.com/opencontainers/runc
  version: e3ba943b6dfb0653950c18ecd35f952ebd817349
  subpackages:
  - libcontainer/system
  - libcontainer/user
- name: github.com/pkg/errors
  version: 248dadf4e9068a0b3e79f02ed0a610d935de5302
- name: github.com/Sirupsen/logrus
  version: 55eb11d21d2a31a3cc93838241d04800f52e823d
- name: github.com/uniplaces/carbon
  version: 23c4b21c1871dc4727cb392b271ff1b5a6eebded
- name: github.com/urfave/cli
  version: d86a009f5e13f83df65d0d6cee9a2e3f1445f0da
- name: golang.org/x/net
  version: 4876518f9e71663000c348837735820161a42df7
  subpackages:
  - context
  - context/ctxhttp
- name: golang.org/x/sys
  version: c200b10b5d5e122be351b67af224adc6128af5bf
  subpackages:
  - windows
devImports: []
